
Microsoft Visual Studio Solution File, Format Version 12.00
# 
Project("{FAE04EC0-301F-11D3-BF4B-00C04F79EFBC}") = "AuthenticationService", "AuthenticationService\AuthenticationService.csproj", "{89956A38-CBD6-4DA4-803A-C565C6EB53BB}"
EndProject
Project("{FAE04EC0-301F-11D3-BF4B-00C04F79EFBC}") = "AuthenticationService.Tests", "AuthenticationService.Tests\AuthenticationService.Tests.csproj", "{1E3B0414-F1F8-4A65-BBE4-CF6515D3D2F7}"
EndProject
Global
	GlobalSection(SolutionConfigurationPlatforms) = preSolution
		Debug|Any CPU = Debug|Any CPU
		Release|Any CPU = Release|Any CPU
	EndGlobalSection
	GlobalSection(ProjectConfigurationPlatforms) = postSolution
		{89956A38-CBD6-4DA4-803A-C565C6EB53BB}.Debug|Any CPU.ActiveCfg = Debug|Any CPU
		{89956A38-CBD6-4DA4-803A-C565C6EB53BB}.Debug|Any CPU.Build.0 = Debug|Any CPU
		{89956A38-CBD6-4DA4-803A-C565C6EB53BB}.Release|Any CPU.ActiveCfg = Release|Any CPU
		{89956A38-CBD6-4DA4-803A-C565C6EB53BB}.Release|Any CPU.Build.0 = Release|Any CPU
		{1E3B0414-F1F8-4A65-BBE4-CF6515D3D2F7}.Debug|Any CPU.ActiveCfg = Debug|Any CPU
		{1E3B0414-F1F8-4A65-BBE4-CF6515D3D2F7}.Debug|Any CPU.Build.0 = Debug|Any CPU
		{1E3B0414-F1F8-4A65-BBE4-CF6515D3D2F7}.Release|Any CPU.ActiveCfg = Release|Any CPU
		{1E3B0414-F1F8-4A65-BBE4-CF6515D3D2F7}.Release|Any CPU.Build.0 = Release|Any CPU
	EndGlobalSection
EndGlobal
